
Microsoft Visual Studio Solution File, Format Version 12.00
# Visual Studio 15
VisualStudioVersion = 15.0.27703.2018
MinimumVisualStudioVersion = 10.0.40219.1
Project("{FAE04EC0-301F-11D3-BF4B-00C04F79EFBC}") = "UNIT 35 ASSIGNMENT 2", "UNIT 35 ASSIGNMENT 2\UNIT 35 ASSIGNMENT 2.csproj", "{30AC509B-6DCC-4EAA-9E43-1237C7F6D40A}"
EndProject
Global
	GlobalSection(SolutionConfigurationPlatforms) = preSolution
		Debug|Any CPU = Debug|Any CPU
		Release|Any CPU = Release|Any CPU
	EndGlobalSection
	GlobalSection(ProjectConfigurationPlatforms) = postSolution
		{30AC509B-6DCC-4EAA-9E43-1237C7F6D40A}.Debug|Any CPU.ActiveCfg = Debug|Any CPU
		{30AC509B-6DCC-4EAA-9E43-1237C7F6D40A}.Debug|Any CPU.Build.0 = Debug|Any CPU
		{30AC509B-6DCC-4EAA-9E43-1237C7F6D40A}.Release|Any CPU.ActiveCfg = Release|Any CPU
		{30AC509B-6DCC-4EAA-9E43-1237C7F6D40A}.Release|Any CPU.Build.0 = Release|Any CPU
	EndGlobalSection
	GlobalSection(SolutionProperties) = preSolution
		HideSolutionNode = FALSE
	EndGlobalSection
	GlobalSection(ExtensibilityGlobals) = postSolution
		SolutionGuid = {2F89E1C1-66DE-476B-972B-DCAFBA04FE20}
	EndGlobalSection
EndGlobal
